<Solution>
  <Folder Name="/config/">
    <File Path=".editorconfig" />
    <File Path="Directory.Build.props" />
    <File Path="Directory.Packages.props" />
  </Folder>
  <Folder Name="/src/">
    <Project Path="src/App/App.csproj" />
  </Folder>
  <Folder Name="/tests/">
    <Project Path="tests/App.Tests.Architecture/App.Tests.Architecture.csproj" />
  </Folder>
  <Project Path="docker-compose.dcproj">
    <Build />
  </Project>
</Solution>
